{
  "name": "museum",
  "lockfileVersion": 3,
  "requires": true,
  "packages": {
    "": {
      "dependencies": {
        "@pmndrs/assets": "^1.7.0",
        "three": "0.170.0"
      }
    },
    "node_modules/@pmndrs/assets": {
      "version": "1.7.0",
      "resolved": "https://registry.npmjs.org/@pmndrs/assets/-/assets-1.7.0.tgz",
      "integrity": "sha512-zHmKNS+3Jvu9K3zJBQfYQKT9Pn9IQt8s0q/eJC3CXKpWpyg6IBa+ivN9NgDn+fDT2AVjUh2YRZ//GXUueuAdCg==",
      "license": "CC0-1.0"
    },
    "node_modules/three": {
      "version": "0.170.0",
      "resolved": "https://registry.npmjs.org/three/-/three-0.170.0.tgz",
      "integrity": "sha512-FQK+LEpYc0fBD+J8g6oSEyyNzjp+Q7Ks1C568WWaoMRLW+TkNNWmenWeGgJjV105Gd+p/2ql1ZcjYvNiPZBhuQ==",
      "license": "MIT"
    }
  }
}
